
Microsoft Visual Studio Solution File, Format Version 12.00
# Visual Studio Version 17
VisualStudioVersion = 17.9.34526.213
MinimumVisualStudioVersion = 10.0.40219.1
Project("{FAE04EC0-301F-11D3-BF4B-00C04F79EFBC}") = "PythonNet", "PythonNet.csproj", "{4DBA9ED6-BCB6-4DDE-A917-9B82381C2249}"
EndProject
Global
	GlobalSection(SolutionConfigurationPlatforms) = preSolution
		Debug|Any CPU = Debug|Any CPU
		Release|Any CPU = Release|Any CPU
	EndGlobalSection
	GlobalSection(ProjectConfigurationPlatforms) = postSolution
		{4DBA9ED6-BCB6-4DDE-A917-9B82381C2249}.Debug|Any CPU.ActiveCfg = Debug|Any CPU
		{4DBA9ED6-BCB6-4DDE-A917-9B82381C2249}.Debug|Any CPU.Build.0 = Debug|Any CPU
		{4DBA9ED6-BCB6-4DDE-A917-9B82381C2249}.Release|Any CPU.ActiveCfg = Release|Any CPU
		{4DBA9ED6-BCB6-4DDE-A917-9B82381C2249}.Release|Any CPU.Build.0 = Release|Any CPU
	EndGlobalSection
	GlobalSection(SolutionProperties) = preSolution
		HideSolutionNode = FALSE
	EndGlobalSection
	GlobalSection(ExtensibilityGlobals) = postSolution
		SolutionGuid = {F0735272-B181-42AB-B3C0-A5EE8722307F}
	EndGlobalSection
EndGlobal
